
Microsoft Visual Studio Solution File, Format Version 12.00
# Visual Studio 14
VisualStudioVersion = 14.0.25123.0
MinimumVisualStudioVersion = 10.0.40219.1
Project("{BBD0F5D1-1CC4-42FD-BA4C-A96779C64378}") = "SampleApp", "SampleApp\SampleApp.synproj", "{DDC3684E-74D4-4EB7-8DEF-50F679608DFD}"
EndProject
Project("{BBD0F5D1-1CC4-42FD-BA4C-A96779C64378}") = "SharedTools", "SharedTools\SharedTools.synproj", "{8F1C4741-F43C-4621-9C83-17CF55319960}"
EndProject
Project("{930C7802-8A8C-48F9-8165-68863BCCD9DD}") = "SampleAppSetup", "SampleAppSetup\SampleAppSetup.wixproj", "{3DB3C213-3443-4B73-B6AE-5AD92453B4E4}"
EndProject
Project("{BBD0F5D1-1CC4-42FD-BA4C-A96779C64378}") = "SetupCustomActions", "SetupCustomActions\SetupCustomActions.synproj", "{D8059D31-AB5D-43E5-B3AF-F8590D92F9E4}"
EndProject
Project("{2150E333-8FDC-42A3-9474-1A3956D46DE8}") = "Solution Items", "Solution Items", "{5844BC57-FCB8-4843-95DF-F011403CE6DD}"
	ProjectSection(SolutionItems) = preProject
		.gitignore = .gitignore
		LICENSE = LICENSE
		README.md = README.md
	EndProjectSection
EndProject
Global
	GlobalSection(SolutionConfigurationPlatforms) = preSolution
		Debug|Any CPU = Debug|Any CPU
		Debug|x86 = Debug|x86
		Release|Any CPU = Release|Any CPU
		Release|x86 = Release|x86
	EndGlobalSection
	GlobalSection(ProjectConfigurationPlatforms) = postSolution
		{DDC3684E-74D4-4EB7-8DEF-50F679608DFD}.Debug|Any CPU.ActiveCfg = Debug|Any CPU
		{DDC3684E-74D4-4EB7-8DEF-50F679608DFD}.Debug|Any CPU.Build.0 = Debug|Any CPU
		{DDC3684E-74D4-4EB7-8DEF-50F679608DFD}.Debug|x86.ActiveCfg = Debug|Any CPU
		{DDC3684E-74D4-4EB7-8DEF-50F679608DFD}.Debug|x86.Build.0 = Debug|Any CPU
		{DDC3684E-74D4-4EB7-8DEF-50F679608DFD}.Release|Any CPU.ActiveCfg = Release|Any CPU
		{DDC3684E-74D4-4EB7-8DEF-50F679608DFD}.Release|Any CPU.Build.0 = Release|Any CPU
		{DDC3684E-74D4-4EB7-8DEF-50F679608DFD}.Release|x86.ActiveCfg = Release|Any CPU
		{DDC3684E-74D4-4EB7-8DEF-50F679608DFD}.Release|x86.Build.0 = Release|Any CPU
		{8F1C4741-F43C-4621-9C83-17CF55319960}.Debug|Any CPU.ActiveCfg = Debug|Any CPU
		{8F1C4741-F43C-4621-9C83-17CF55319960}.Debug|Any CPU.Build.0 = Debug|Any CPU
		{8F1C4741-F43C-4621-9C83-17CF55319960}.Debug|x86.ActiveCfg = Debug|Any CPU
		{8F1C4741-F43C-4621-9C83-17CF55319960}.Debug|x86.Build.0 = Debug|Any CPU
		{8F1C4741-F43C-4621-9C83-17CF55319960}.Release|Any CPU.ActiveCfg = Release|Any CPU
		{8F1C4741-F43C-4621-9C83-17CF55319960}.Release|Any CPU.Build.0 = Release|Any CPU
		{8F1C4741-F43C-4621-9C83-17CF55319960}.Release|x86.ActiveCfg = Release|Any CPU
		{8F1C4741-F43C-4621-9C83-17CF55319960}.Release|x86.Build.0 = Release|Any CPU
		{3DB3C213-3443-4B73-B6AE-5AD92453B4E4}.Debug|Any CPU.ActiveCfg = Debug|x86
		{3DB3C213-3443-4B73-B6AE-5AD92453B4E4}.Debug|x86.ActiveCfg = Debug|x86
		{3DB3C213-3443-4B73-B6AE-5AD92453B4E4}.Debug|x86.Build.0 = Debug|x86
		{3DB3C213-3443-4B73-B6AE-5AD92453B4E4}.Release|Any CPU.ActiveCfg = Release|x86
		{3DB3C213-3443-4B73-B6AE-5AD92453B4E4}.Release|x86.ActiveCfg = Release|x86
		{3DB3C213-3443-4B73-B6AE-5AD92453B4E4}.Release|x86.Build.0 = Release|x86
		{D8059D31-AB5D-43E5-B3AF-F8590D92F9E4}.Debug|Any CPU.ActiveCfg = Debug|Any CPU
		{D8059D31-AB5D-43E5-B3AF-F8590D92F9E4}.Debug|Any CPU.Build.0 = Debug|Any CPU
		{D8059D31-AB5D-43E5-B3AF-F8590D92F9E4}.Debug|x86.ActiveCfg = Debug|Any CPU
		{D8059D31-AB5D-43E5-B3AF-F8590D92F9E4}.Debug|x86.Build.0 = Debug|Any CPU
		{D8059D31-AB5D-43E5-B3AF-F8590D92F9E4}.Release|Any CPU.ActiveCfg = Release|Any CPU
		{D8059D31-AB5D-43E5-B3AF-F8590D92F9E4}.Release|Any CPU.Build.0 = Release|Any CPU
		{D8059D31-AB5D-43E5-B3AF-F8590D92F9E4}.Release|x86.ActiveCfg = Release|Any CPU
		{D8059D31-AB5D-43E5-B3AF-F8590D92F9E4}.Release|x86.Build.0 = Release|Any CPU
	EndGlobalSection
	GlobalSection(SolutionProperties) = preSolution
		HideSolutionNode = FALSE
	EndGlobalSection
EndGlobal
